
Microsoft Visual Studio Solution File, Format Version 12.00
# Visual Studio Version 17
VisualStudioVersion = 17.5.33424.131
MinimumVisualStudioVersion = 10.0.40219.1
Project("{FAE04EC0-301F-11D3-BF4B-00C04F79EFBC}") = "Week 2", "Week 2\Week 2.csproj", "{0060848F-39F6-4E2C-82A2-2C3ECBB6672A}"
EndProject
Global
	GlobalSection(SolutionConfigurationPlatforms) = preSolution
		Debug|Any CPU = Debug|Any CPU
		Release|Any CPU = Release|Any CPU
	EndGlobalSection
	GlobalSection(ProjectConfigurationPlatforms) = postSolution
		{0060848F-39F6-4E2C-82A2-2C3ECBB6672A}.Debug|Any CPU.ActiveCfg = Debug|Any CPU
		{0060848F-39F6-4E2C-82A2-2C3ECBB6672A}.Debug|Any CPU.Build.0 = Debug|Any CPU
		{0060848F-39F6-4E2C-82A2-2C3ECBB6672A}.Release|Any CPU.ActiveCfg = Release|Any CPU
		{0060848F-39F6-4E2C-82A2-2C3ECBB6672A}.Release|Any CPU.Build.0 = Release|Any CPU
	EndGlobalSection
	GlobalSection(SolutionProperties) = preSolution
		HideSolutionNode = FALSE
	EndGlobalSection
	GlobalSection(ExtensibilityGlobals) = postSolution
		SolutionGuid = {9DEFEBCD-FC06-437E-8511-2A4415281FF0}
	EndGlobalSection
EndGlobal
