
Microsoft Visual Studio Solution File, Format Version 12.00
# Visual Studio Version 17
VisualStudioVersion = 17.5.33424.131
MinimumVisualStudioVersion = 10.0.40219.1
Project("{FAE04EC0-301F-11D3-BF4B-00C04F79EFBC}") = "Spotify_App", "Spotify_App\Spotify_App.csproj", "{EACA0334-7980-405E-AF86-9CF77E51A604}"
EndProject
Global
	GlobalSection(SolutionConfigurationPlatforms) = preSolution
		Debug|Any CPU = Debug|Any CPU
		Release|Any CPU = Release|Any CPU
	EndGlobalSection
	GlobalSection(ProjectConfigurationPlatforms) = postSolution
		{EACA0334-7980-405E-AF86-9CF77E51A604}.Debug|Any CPU.ActiveCfg = Debug|Any CPU
		{EACA0334-7980-405E-AF86-9CF77E51A604}.Debug|Any CPU.Build.0 = Debug|Any CPU
		{EACA0334-7980-405E-AF86-9CF77E51A604}.Release|Any CPU.ActiveCfg = Release|Any CPU
		{EACA0334-7980-405E-AF86-9CF77E51A604}.Release|Any CPU.Build.0 = Release|Any CPU
	EndGlobalSection
	GlobalSection(SolutionProperties) = preSolution
		HideSolutionNode = FALSE
	EndGlobalSection
	GlobalSection(ExtensibilityGlobals) = postSolution
		SolutionGuid = {BF34A156-B2F7-4CE8-8DD7-C8DDE6B787C0}
	EndGlobalSection
EndGlobal
